// !$*UTF8*$!
{
	archiveVersion = 1;
	classes = {
	};
	objectVersion = 77;
	objects = {

/* Begin PBXBuildFile section */
		DC7954652E078B8A00086270 /* Kingfisher in Frameworks */ = {isa = PBXBuildFile; productRef = DC7954642E078B8A00086270 /* Kingfisher */; };
		DC7954682E078B9E00086270 /* ShimmerEffect in Frameworks */ = {isa = PBXBuildFile; productRef = DC7954672E078B9E00086270 /* ShimmerEffect */; };
		DC7954742E078BC100086270 /* LICENSE in Resources */ = {isa = PBXBuildFile; fileRef = DC79546B2E078BC100086270 /* LICENSE */; };
		DC7954752E078BC100086270 /* README.md in Resources */ = {isa = PBXBuildFile; fileRef = DC79546C2E078BC100086270 /* README.md */; };
		DC7954762E078BC100086270 /* 5.png in Resources */ = {isa = PBXBuildFile; fileRef = DC7954722E078BC100086270 /* 5.png */; };
		DC7954772E078BC100086270 /* 2.png in Resources */ = {isa = PBXBuildFile; fileRef = DC79546F2E078BC100086270 /* 2.png */; };
		DC7954782E078BC100086270 /* .gitignore in Resources */ = {isa = PBXBuildFile; fileRef = DC79546D2E078BC100086270 /* .gitignore */; };
		DC7954792E078BC100086270 /* 3.png in Resources */ = {isa = PBXBuildFile; fileRef = DC7954702E078BC100086270 /* 3.png */; };
		DC79547A2E078BC100086270 /* 4.png in Resources */ = {isa = PBXBuildFile; fileRef = DC7954712E078BC100086270 /* 4.png */; };
		DC79547B2E078BC100086270 /* 1.png in Resources */ = {isa = PBXBuildFile; fileRef = DC79546E2E078BC100086270 /* 1.png */; };
/* End PBXBuildFile section */

/* Begin PBXFileReference section */
		DC7954552E078B4F00086270 /* KidsArea.app */ = {isa = PBXFileReference; explicitFileType = wrapper.application; includeInIndex = 0; path = KidsArea.app; sourceTree = BUILT_PRODUCTS_DIR; };
		DC79546B2E078BC100086270 /* LICENSE */ = {isa = PBXFileReference; lastKnownFileType = text; path = LICENSE; sourceTree = "<group>"; };
		DC79546C2E078BC100086270 /* README.md */ = {isa = PBXFileReference; lastKnownFileType = net.daringfireball.markdown; path = README.md; sourceTree = "<group>"; };
		DC79546D2E078BC100086270 /* .gitignore */ = {isa = PBXFileReference; lastKnownFileType = text; path = .gitignore; sourceTree = "<group>"; };
		DC79546E2E078BC100086270 /* 1.png */ = {isa = PBXFileReference; lastKnownFileType = image.png; path = 1.png; sourceTree = "<group>"; };
		DC79546F2E078BC100086270 /* 2.png */ = {isa = PBXFileReference; lastKnownFileType = image.png; path = 2.png; sourceTree = "<group>"; };
		DC7954702E078BC100086270 /* 3.png */ = {isa = PBXFileReference; lastKnownFileType = image.png; path = 3.png; sourceTree = "<group>"; };
		DC7954712E078BC100086270 /* 4.png */ = {isa = PBXFileReference; lastKnownFileType = image.png; path = 4.png; sourceTree = "<group>"; };
		DC7954722E078BC100086270 /* 5.png */ = {isa = PBXFileReference; lastKnownFileType = image.png; path = 5.png; sourceTree = "<group>"; };
/* End PBXFileReference section */

/* Begin PBXFileSystemSynchronizedBuildFileExceptionSet section */
		DC79546A2E078BA800086270 /* Exceptions for "KidsArea" folder in "KidsArea" target */ = {
			isa = PBXFileSystemSynchronizedBuildFileExceptionSet;
			membershipExceptions = (
				Info.plist,
			);
			target = DC7954542E078B4F00086270 /* KidsArea */;
		};
/* End PBXFileSystemSynchronizedBuildFileExceptionSet section */

/* Begin PBXFileSystemSynchronizedRootGroup section */
		DC7954572E078B4F00086270 /* KidsArea */ = {
			isa = PBXFileSystemSynchronizedRootGroup;
			exceptions = (
				DC79546A2E078BA800086270 /* Exceptions for "KidsArea" folder in "KidsArea" target */,
			);
			path = KidsArea;
			sourceTree = "<group>";
		};
/* End PBXFileSystemSynchronizedRootGroup section */

/* Begin PBXFrameworksBuildPhase section */
		DC7954522E078B4F00086270 /* Frameworks */ = {
			isa = PBXFrameworksBuildPhase;
			buildActionMask = 2147483647;
			files = (
				DC7954652E078B8A00086270 /* Kingfisher in Frameworks */,
				DC7954682E078B9E00086270 /* ShimmerEffect in Frameworks */,
			);
			runOnlyForDeploymentPostprocessing = 0;
		};
/* End PBXFrameworksBuildPhase section */

/* Begin PBXGroup section */
		DC79544C2E078B4F00086270 = {
			isa = PBXGroup;
			children = (
				DC79546B2E078BC100086270 /* LICENSE */,
				DC79546C2E078BC100086270 /* README.md */,
				DC79546D2E078BC100086270 /* .gitignore */,
				DC7954732E078BC100086270 /* Screenshots */,
				DC7954572E078B4F00086270 /* KidsArea */,
				DC7954562E078B4F00086270 /* Products */,
			);
			sourceTree = "<group>";
		};
		DC7954562E078B4F00086270 /* Products */ = {
			isa = PBXGroup;
			children = (
				DC7954552E078B4F00086270 /* KidsArea.app */,
			);
			name = Products;
			sourceTree = "<group>";
		};
		DC7954732E078BC100086270 /* Screenshots */ = {
			isa = PBXGroup;
			children = (
				DC79546E2E078BC100086270 /* 1.png */,
				DC79546F2E078BC100086270 /* 2.png */,
				DC7954702E078BC100086270 /* 3.png */,
				DC7954712E078BC100086270 /* 4.png */,
				DC7954722E078BC100086270 /* 5.png */,
			);
			path = Screenshots;
			sourceTree = "<group>";
		};
/* End PBXGroup section */

/* Begin PBXNativeTarget section */
		DC7954542E078B4F00086270 /* KidsArea */ = {
			isa = PBXNativeTarget;
			buildConfigurationList = DC7954602E078B5000086270 /* Build configuration list for PBXNativeTarget "KidsArea" */;
			buildPhases = (
				DC7954512E078B4F00086270 /* Sources */,
				DC7954522E078B4F00086270 /* Frameworks */,
				DC7954532E078B4F00086270 /* Resources */,
			);
			buildRules = (
			);
			dependencies = (
			);
			fileSystemSynchronizedGroups = (
				DC7954572E078B4F00086270 /* KidsArea */,
			);
			name = KidsArea;
			packageProductDependencies = (
				DC7954642E078B8A00086270 /* Kingfisher */,
				DC7954672E078B9E00086270 /* ShimmerEffect */,
			);
			productName = KidsArea;
			productReference = DC7954552E078B4F00086270 /* KidsArea.app */;
			productType = "com.apple.product-type.application";
		};
/* End PBXNativeTarget section */

/* Begin PBXProject section */
		DC79544D2E078B4F00086270 /* Project object */ = {
			isa = PBXProject;
			attributes = {
				BuildIndependentTargetsInParallel = 1;
				LastSwiftUpdateCheck = 1640;
				LastUpgradeCheck = 1640;
				TargetAttributes = {
					DC7954542E078B4F00086270 = {
						CreatedOnToolsVersion = 16.4;
					};
				};
			};
			buildConfigurationList = DC7954502E078B4F00086270 /* Build configuration list for PBXProject "KidsArea" */;
			developmentRegion = en;
			hasScannedForEncodings = 0;
			knownRegions = (
				en,
				Base,
			);
			mainGroup = DC79544C2E078B4F00086270;
			minimizedProjectReferenceProxies = 1;
			packageReferences = (
				DC7954632E078B8A00086270 /* XCRemoteSwiftPackageReference "Kingfisher" */,
				DC7954662E078B9E00086270 /* XCRemoteSwiftPackageReference "Shimmer-SwiftUI-Modifier" */,
			);
			preferredProjectObjectVersion = 77;
			productRefGroup = DC7954562E078B4F00086270 /* Products */;
			projectDirPath = "";
			projectRoot = "";
			targets = (
				DC7954542E078B4F00086270 /* KidsArea */,
			);
		};
/* End PBXProject section */

/* Begin PBXResourcesBuildPhase section */
		DC7954532E078B4F00086270 /* Resources */ = {
			isa = PBXResourcesBuildPhase;
			buildActionMask = 2147483647;
			files = (
				DC7954742E078BC100086270 /* LICENSE in Resources */,
				DC7954752E078BC100086270 /* README.md in Resources */,
				DC7954762E078BC100086270 /* 5.png in Resources */,
				DC7954772E078BC100086270 /* 2.png in Resources */,
				DC7954782E078BC100086270 /* .gitignore in Resources */,
				DC7954792E078BC100086270 /* 3.png in Resources */,
				DC79547A2E078BC100086270 /* 4.png in Resources */,
				DC79547B2E078BC100086270 /* 1.png in Resources */,
			);
			runOnlyForDeploymentPostprocessing = 0;
		};
/* End PBXResourcesBuildPhase section */

/* Begin PBXSourcesBuildPhase section */
		DC7954512E078B4F00086270 /* Sources */ = {
			isa = PBXSourcesBuildPhase;
			buildActionMask = 2147483647;
			files = (
			);
			runOnlyForDeploymentPostprocessing = 0;
		};
/* End PBXSourcesBuildPhase section */

/* Begin XCBuildConfiguration section */
		DC79545E2E078B5000086270 /* Debug */ = {
			isa = XCBuildConfiguration;
			buildSettings = {
				ALWAYS_SEARCH_USER_PATHS = NO;
				ASSETCATALOG_COMPILER_GENERATE_SWIFT_ASSET_SYMBOL_EXTENSIONS = YES;
				CLANG_ANALYZER_NONNULL = YES;
				CLANG_ANALYZER_NUMBER_OBJECT_CONVERSION = YES_AGGRESSIVE;
				CLANG_CXX_LANGUAGE_STANDARD = "gnu++20";
				CLANG_ENABLE_MODULES = YES;
				CLANG_ENABLE_OBJC_ARC = YES;
				CLANG_ENABLE_OBJC_WEAK = YES;
				CLANG_WARN_BLOCK_CAPTURE_AUTORELEASING = YES;
				CLANG_WARN_BOOL_CONVERSION = YES;
				CLANG_WARN_COMMA = YES;
				CLANG_WARN_CONSTANT_CONVERSION = YES;
				CLANG_WARN_DEPRECATED_OBJC_IMPLEMENTATIONS = YES;
				CLANG_WARN_DIRECT_OBJC_ISA_USAGE = YES_ERROR;
				CLANG_WARN_DOCUMENTATION_COMMENTS = YES;
				CLANG_WARN_EMPTY_BODY = YES;
				CLANG_WARN_ENUM_CONVERSION = YES;
				CLANG_WARN_INFINITE_RECURSION = YES;
				CLANG_WARN_INT_CONVERSION = YES;
				CLANG_WARN_NON_LITERAL_NULL_CONVERSION = YES;
				CLANG_WARN_OBJC_IMPLICIT_RETAIN_SELF = YES;
				CLANG_WARN_OBJC_LITERAL_CONVERSION = YES;
				CLANG_WARN_OBJC_ROOT_CLASS = YES_ERROR;
				CLANG_WARN_QUOTED_INCLUDE_IN_FRAMEWORK_HEADER = YES;
				CLANG_WARN_RANGE_LOOP_ANALYSIS = YES;
				CLANG_WARN_STRICT_PROTOTYPES = YES;
				CLANG_WARN_SUSPICIOUS_MOVE = YES;
				CLANG_WARN_UNGUARDED_AVAILABILITY = YES_AGGRESSIVE;
				CLANG_WARN_UNREACHABLE_CODE = YES;
				CLANG_WARN__DUPLICATE_METHOD_MATCH = YES;
				COPY_PHASE_STRIP = NO;
				DEBUG_INFORMATION_FORMAT = dwarf;
				DEVELOPMENT_TEAM = 85F49QNXT3;
				ENABLE_STRICT_OBJC_MSGSEND = YES;
				ENABLE_TESTABILITY = YES;
				ENABLE_USER_SCRIPT_SANDBOXING = YES;
				GCC_C_LANGUAGE_STANDARD = gnu17;
				GCC_DYNAMIC_NO_PIC = NO;
				GCC_NO_COMMON_BLOCKS = YES;
				GCC_OPTIMIZATION_LEVEL = 0;
				GCC_PREPROCESSOR_DEFINITIONS = (
					"DEBUG=1",
					"$(inherited)",
				);
				GCC_WARN_64_TO_32_BIT_CONVERSION = YES;
				GCC_WARN_ABOUT_RETURN_TYPE = YES_ERROR;
				GCC_WARN_UNDECLARED_SELECTOR = YES;
				GCC_WARN_UNINITIALIZED_AUTOS = YES_AGGRESSIVE;
				GCC_WARN_UNUSED_FUNCTION = YES;
				GCC_WARN_UNUSED_VARIABLE = YES;
				IPHONEOS_DEPLOYMENT_TARGET = 18.5;
				LOCALIZATION_PREFERS_STRING_CATALOGS = YES;
				MTL_ENABLE_DEBUG_INFO = INCLUDE_SOURCE;
				MTL_FAST_MATH = YES;
				ONLY_ACTIVE_ARCH = YES;
				SDKROOT = iphoneos;
				SWIFT_ACTIVE_COMPILATION_CONDITIONS = "DEBUG $(inherited)";
				SWIFT_OPTIMIZATION_LEVEL = "-Onone";
			};
			name = Debug;
		};
		DC79545F2E078B5000086270 /* Release */ = {
			isa = XCBuildConfiguration;
			buildSettings = {
				ALWAYS_SEARCH_USER_PATHS = NO;
				ASSETCATALOG_COMPILER_GENERATE_SWIFT_ASSET_SYMBOL_EXTENSIONS = YES;
				CLANG_ANALYZER_NONNULL = YES;
				CLANG_ANALYZER_NUMBER_OBJECT_CONVERSION = YES_AGGRESSIVE;
				CLANG_CXX_LANGUAGE_STANDARD = "gnu++20";
				CLANG_ENABLE_MODULES = YES;
				CLANG_ENABLE_OBJC_ARC = YES;
				CLANG_ENABLE_OBJC_WEAK = YES;
				CLANG_WARN_BLOCK_CAPTURE_AUTORELEASING = YES;
				CLANG_WARN_BOOL_CONVERSION = YES;
				CLANG_WARN_COMMA = YES;
				CLANG_WARN_CONSTANT_CONVERSION = YES;
				CLANG_WARN_DEPRECATED_OBJC_IMPLEMENTATIONS = YES;
				CLANG_WARN_DIRECT_OBJC_ISA_USAGE = YES_ERROR;
				CLANG_WARN_DOCUMENTATION_COMMENTS = YES;
				CLANG_WARN_EMPTY_BODY = YES;
				CLANG_WARN_ENUM_CONVERSION = YES;
				CLANG_WARN_INFINITE_RECURSION = YES;
				CLANG_WARN_INT_CONVERSION = YES;
				CLANG_WARN_NON_LITERAL_NULL_CONVERSION = YES;
				CLANG_WARN_OBJC_IMPLICIT_RETAIN_SELF = YES;
				CLANG_WARN_OBJC_LITERAL_CONVERSION = YES;
				CLANG_WARN_OBJC_ROOT_CLASS = YES_ERROR;
				CLANG_WARN_QUOTED_INCLUDE_IN_FRAMEWORK_HEADER = YES;
				CLANG_WARN_RANGE_LOOP_ANALYSIS = YES;
				CLANG_WARN_STRICT_PROTOTYPES = YES;
				CLANG_WARN_SUSPICIOUS_MOVE = YES;
				CLANG_WARN_UNGUARDED_AVAILABILITY = YES_AGGRESSIVE;
				CLANG_WARN_UNREACHABLE_CODE = YES;
				CLANG_WARN__DUPLICATE_METHOD_MATCH = YES;
				COPY_PHASE_STRIP = NO;
				DEBUG_INFORMATION_FORMAT = "dwarf-with-dsym";
				DEVELOPMENT_TEAM = 85F49QNXT3;
				ENABLE_NS_ASSERTIONS = NO;
				ENABLE_STRICT_OBJC_MSGSEND = YES;
				ENABLE_USER_SCRIPT_SANDBOXING = YES;
				GCC_C_LANGUAGE_STANDARD = gnu17;
				GCC_NO_COMMON_BLOCKS = YES;
				GCC_WARN_64_TO_32_BIT_CONVERSION = YES;
				GCC_WARN_ABOUT_RETURN_TYPE = YES_ERROR;
				GCC_WARN_UNDECLARED_SELECTOR = YES;
				GCC_WARN_UNINITIALIZED_AUTOS = YES_AGGRESSIVE;
				GCC_WARN_UNUSED_FUNCTION = YES;
				GCC_WARN_UNUSED_VARIABLE = YES;
				IPHONEOS_DEPLOYMENT_TARGET = 18.5;
				LOCALIZATION_PREFERS_STRING_CATALOGS = YES;
				MTL_ENABLE_DEBUG_INFO = NO;
				MTL_FAST_MATH = YES;
				SDKROOT = iphoneos;
				SWIFT_COMPILATION_MODE = wholemodule;
				VALIDATE_PRODUCT = YES;
			};
			name = Release;
		};
		DC7954612E078B5000086270 /* Debug */ = {
			isa = XCBuildConfiguration;
			buildSettings = {
				ASSETCATALOG_COMPILER_APPICON_NAME = AppIcon;
				ASSETCATALOG_COMPILER_GLOBAL_ACCENT_COLOR_NAME = AccentColor;
				CODE_SIGN_STYLE = Automatic;
				CURRENT_PROJECT_VERSION = 1;
				DEVELOPMENT_TEAM = 85F49QNXT3;
				ENABLE_PREVIEWS = YES;
				GENERATE_INFOPLIST_FILE = YES;
				INFOPLIST_FILE = KidsArea/Info.plist;
				INFOPLIST_KEY_CFBundleDisplayName = "Kids Area";
				INFOPLIST_KEY_LSApplicationCategoryType = "public.app-category.education";
				INFOPLIST_KEY_UIApplicationSceneManifest_Generation = YES;
				INFOPLIST_KEY_UIApplicationSupportsIndirectInputEvents = YES;
				INFOPLIST_KEY_UILaunchScreen_Generation = YES;
				INFOPLIST_KEY_UISupportedInterfaceOrientations_iPad = "UIInterfaceOrientationPortrait UIInterfaceOrientationPortraitUpsideDown UIInterfaceOrientationLandscapeLeft UIInterfaceOrientationLandscapeRight";
				INFOPLIST_KEY_UISupportedInterfaceOrientations_iPhone = "UIInterfaceOrientationPortrait UIInterfaceOrientationLandscapeLeft UIInterfaceOrientationLandscapeRight";
				IPHONEOS_DEPLOYMENT_TARGET = 16.6;
				LD_RUNPATH_SEARCH_PATHS = (
					"$(inherited)",
					"@executable_path/Frameworks",
				);
				MARKETING_VERSION = 1.0;
				PRODUCT_BUNDLE_IDENTIFIER = com.ramo.KidsArea;
				PRODUCT_NAME = "$(TARGET_NAME)";
				SUPPORTED_PLATFORMS = "iphoneos iphonesimulator";
				SUPPORTS_MACCATALYST = NO;
				SUPPORTS_MAC_DESIGNED_FOR_IPHONE_IPAD = NO;
				SUPPORTS_XR_DESIGNED_FOR_IPHONE_IPAD = NO;
				SWIFT_EMIT_LOC_STRINGS = YES;
				SWIFT_VERSION = 5.0;
				TARGETED_DEVICE_FAMILY = "1,2";
			};
			name = Debug;
		};
		DC7954622E078B5000086270 /* Release */ = {
			isa = XCBuildConfiguration;
			buildSettings = {
				ASSETCATALOG_COMPILER_APPICON_NAME = AppIcon;
				ASSETCATALOG_COMPILER_GLOBAL_ACCENT_COLOR_NAME = AccentColor;
				CODE_SIGN_STYLE = Automatic;
				CURRENT_PROJECT_VERSION = 1;
				DEVELOPMENT_TEAM = 85F49QNXT3;
				ENABLE_PREVIEWS = YES;
				GENERATE_INFOPLIST_FILE = YES;
				INFOPLIST_FILE = KidsArea/Info.plist;
				INFOPLIST_KEY_CFBundleDisplayName = "Kids Area";
				INFOPLIST_KEY_LSApplicationCategoryType = "public.app-category.education";
				INFOPLIST_KEY_UIApplicationSceneManifest_Generation = YES;
				INFOPLIST_KEY_UIApplicationSupportsIndirectInputEvents = YES;
				INFOPLIST_KEY_UILaunchScreen_Generation = YES;
				INFOPLIST_KEY_UISupportedInterfaceOrientations_iPad = "UIInterfaceOrientationPortrait UIInterfaceOrientationPortraitUpsideDown UIInterfaceOrientationLandscapeLeft UIInterfaceOrientationLandscapeRight";
				INFOPLIST_KEY_UISupportedInterfaceOrientations_iPhone = "UIInterfaceOrientationPortrait UIInterfaceOrientationLandscapeLeft UIInterfaceOrientationLandscapeRight";
				IPHONEOS_DEPLOYMENT_TARGET = 16.6;
				LD_RUNPATH_SEARCH_PATHS = (
					"$(inherited)",
					"@executable_path/Frameworks",
				);
				MARKETING_VERSION = 1.0;
				PRODUCT_BUNDLE_IDENTIFIER = com.ramo.KidsArea;
				PRODUCT_NAME = "$(TARGET_NAME)";
				SUPPORTED_PLATFORMS = "iphoneos iphonesimulator";
				SUPPORTS_MACCATALYST = NO;
				SUPPORTS_MAC_DESIGNED_FOR_IPHONE_IPAD = NO;
				SUPPORTS_XR_DESIGNED_FOR_IPHONE_IPAD = NO;
				SWIFT_EMIT_LOC_STRINGS = YES;
				SWIFT_VERSION = 5.0;
				TARGETED_DEVICE_FAMILY = "1,2";
			};
			name = Release;
		};
/* End XCBuildConfiguration section */

/* Begin XCConfigurationList section */
		DC7954502E078B4F00086270 /* Build configuration list for PBXProject "KidsArea" */ = {
			isa = XCConfigurationList;
			buildConfigurations = (
				DC79545E2E078B5000086270 /* Debug */,
				DC79545F2E078B5000086270 /* Release */,
			);
			defaultConfigurationIsVisible = 0;
			defaultConfigurationName = Release;
		};
		DC7954602E078B5000086270 /* Build configuration list for PBXNativeTarget "KidsArea" */ = {
			isa = XCConfigurationList;
			buildConfigurations = (
				DC7954612E078B5000086270 /* Debug */,
				DC7954622E078B5000086270 /* Release */,
			);
			defaultConfigurationIsVisible = 0;
			defaultConfigurationName = Release;
		};
/* End XCConfigurationList section */

/* Begin XCRemoteSwiftPackageReference section */
		DC7954632E078B8A00086270 /* XCRemoteSwiftPackageReference "Kingfisher" */ = {
			isa = XCRemoteSwiftPackageReference;
			repositoryURL = "https://github.com/onevcat/Kingfisher.git";
			requirement = {
				kind = upToNextMajorVersion;
				minimumVersion = 8.3.2;
			};
		};
		DC7954662E078B9E00086270 /* XCRemoteSwiftPackageReference "Shimmer-SwiftUI-Modifier" */ = {
			isa = XCRemoteSwiftPackageReference;
			repositoryURL = "https://github.com/0xYanis/Shimmer-SwiftUI-Modifier.git";
			requirement = {
				branch = main;
				kind = branch;
			};
		};
/* End XCRemoteSwiftPackageReference section */

/* Begin XCSwiftPackageProductDependency section */
		DC7954642E078B8A00086270 /* Kingfisher */ = {
			isa = XCSwiftPackageProductDependency;
			package = DC7954632E078B8A00086270 /* XCRemoteSwiftPackageReference "Kingfisher" */;
			productName = Kingfisher;
		};
		DC7954672E078B9E00086270 /* ShimmerEffect */ = {
			isa = XCSwiftPackageProductDependency;
			package = DC7954662E078B9E00086270 /* XCRemoteSwiftPackageReference "Shimmer-SwiftUI-Modifier" */;
			productName = ShimmerEffect;
		};
/* End XCSwiftPackageProductDependency section */
	};
	rootObject = DC79544D2E078B4F00086270 /* Project object */;
}
